
Microsoft Visual Studio Solution File, Format Version 12.00
# Visual Studio Version 17
VisualStudioVersion = 17.0.32112.339
MinimumVisualStudioVersion = 10.0.40219.1
Project("{FAE04EC0-301F-11D3-BF4B-00C04F79EFBC}") = "PrimeraLibreria", "PrimeraLibreria\PrimeraLibreria.csproj", "{54E84287-ADFB-49FD-BBFD-267F7A4C343E}"
EndProject
Global
	GlobalSection(SolutionConfigurationPlatforms) = preSolution
		Debug|Any CPU = Debug|Any CPU
		Release|Any CPU = Release|Any CPU
	EndGlobalSection
	GlobalSection(ProjectConfigurationPlatforms) = postSolution
		{54E84287-ADFB-49FD-BBFD-267F7A4C343E}.Debug|Any CPU.ActiveCfg = Debug|Any CPU
		{54E84287-ADFB-49FD-BBFD-267F7A4C343E}.Debug|Any CPU.Build.0 = Debug|Any CPU
		{54E84287-ADFB-49FD-BBFD-267F7A4C343E}.Release|Any CPU.ActiveCfg = Release|Any CPU
		{54E84287-ADFB-49FD-BBFD-267F7A4C343E}.Release|Any CPU.Build.0 = Release|Any CPU
	EndGlobalSection
	GlobalSection(SolutionProperties) = preSolution
		HideSolutionNode = FALSE
	EndGlobalSection
	GlobalSection(ExtensibilityGlobals) = postSolution
		SolutionGuid = {E2D638B5-0DD6-4993-B9AE-A8C0E2CCCAE0}
	EndGlobalSection
EndGlobal
